<?xml version="1.0" encoding="utf-8"?>
<Project ToolsVersion="4.0" xmlns="http://schemas.microsoft.com/developer/msbuild/2003">
  <ItemGroup>
    <Filter Include="src">
      <UniqueIdentifier>{4FC737F1-C7A5-4376-A066-2A32D752A2FF}</UniqueIdentifier>
    </Filter>
    <Filter Include="src\game">
      <UniqueIdentifier>{A1B2C3D4-E5F6-7890-ABCD-EF1234567890}</UniqueIdentifier>
    </Filter>
    <Filter Include="src\game\client">
      <UniqueIdentifier>{A8B9C0D1-E2F3-4567-89AB-CDEF01234567}</UniqueIdentifier>
    </Filter>
    <Filter Include="src\tier0">
      <UniqueIdentifier>{B2C3D4E5-F6A7-8901-BCDE-F12345678901}</UniqueIdentifier>
    </Filter>
    <Filter Include="src\vgui">
      <UniqueIdentifier>{C3D4E5F6-A7B8-9012-CDEF-123456789012}</UniqueIdentifier>
    </Filter>
    <Filter Include="vendor">
      <UniqueIdentifier>{D4E5F6A7-B8C9-0123-DEF0-234567890123}</UniqueIdentifier>
    </Filter>
    <Filter Include="vendor\imgui">
      <UniqueIdentifier>{E5F6A7B8-C9D0-1234-EF01-345678901234}</UniqueIdentifier>
    </Filter>
    <Filter Include="vendor\vmm">
      <UniqueIdentifier>{F6A7B8C9-D0E1-2345-F012-456789012345}</UniqueIdentifier>
    </Filter>
    <Filter Include="vendor\dx">
      <UniqueIdentifier>{A7B8C9D0-E1F2-3456-0123-567890123456}</UniqueIdentifier>
    </Filter>
  </ItemGroup>
  <ItemGroup>
    <ClCompile Include="src\main.cpp">
      <Filter>src</Filter>
    </ClCompile>
    <ClCompile Include="src\pch.cpp">
      <Filter>src</Filter>
    </ClCompile>
    <ClCompile Include="src\game\sdk.cpp">
      <Filter>src\game</Filter>
    </ClCompile>
    <ClCompile Include="src\game\offsets.cpp">
      <Filter>src\game</Filter>
    </ClCompile>
    <ClCompile Include="src\game\updater.cpp">
      <Filter>src\game</Filter>
    </ClCompile>
    <ClCompile Include="src\game\client\C_PlantedC4.cpp">
      <Filter>src\game\client</Filter>
    </ClCompile>
    <ClCompile Include="src\game\client\CCSPlayerController.cpp">
      <Filter>src\game\client</Filter>
    </ClCompile>
    <ClCompile Include="src\game\client\C_CSPlayerPawn.cpp">
      <Filter>src\game\client</Filter>
    </ClCompile>
    <ClCompile Include="src\tier0\sigscan.cpp">
      <Filter>src\tier0</Filter>
    </ClCompile>
    <ClCompile Include="src\tier0\dma.cpp">
      <Filter>src\tier0</Filter>
    </ClCompile>
    <ClCompile Include="src\vgui\gui.cpp">
      <Filter>src\vgui</Filter>
    </ClCompile>
    <ClCompile Include="src\vgui\render.cpp">
      <Filter>src\vgui</Filter>
    </ClCompile>
    <ClCompile Include="src\vgui\dx11.cpp">
      <Filter>src\vgui</Filter>
    </ClCompile>
    <ClCompile Include="src\vgui\resources.cpp">
      <Filter>src\vgui</Filter>
    </ClCompile>
    <ClCompile Include="vendor\imgui\imgui.cpp">
      <Filter>vendor\imgui</Filter>
    </ClCompile>
    <ClCompile Include="vendor\imgui\imgui_demo.cpp">
      <Filter>vendor\imgui</Filter>
    </ClCompile>
    <ClCompile Include="vendor\imgui\imgui_draw.cpp">
      <Filter>vendor\imgui</Filter>
    </ClCompile>
    <ClCompile Include="vendor\imgui\imgui_impl_dx11.cpp">
      <Filter>vendor\imgui</Filter>
    </ClCompile>
    <ClCompile Include="vendor\imgui\imgui_impl_win32.cpp">
      <Filter>vendor\imgui</Filter>
    </ClCompile>
    <ClCompile Include="vendor\imgui\imgui_tables.cpp">
      <Filter>vendor\imgui</Filter>
    </ClCompile>
    <ClCompile Include="vendor\imgui\imgui_widgets.cpp">
      <Filter>vendor\imgui</Filter>
    </ClCompile>
  </ItemGroup>
  <ItemGroup>
    <ClInclude Include="src\pch.h">
      <Filter>src</Filter>
    </ClInclude>
    <ClInclude Include="src\game\sdk.h">
      <Filter>src\game</Filter>
    </ClInclude>
    <ClInclude Include="src\game\offsets.h">
      <Filter>src\game</Filter>
    </ClInclude>
    <ClInclude Include="src\game\vec.h">
      <Filter>src\game</Filter>
    </ClInclude>
    <ClInclude Include="src\game\updater.h">
      <Filter>src\game</Filter>
    </ClInclude>
    <ClInclude Include="src\game\client\CCSPlayerController.h">
      <Filter>src\game\client</Filter>
    </ClInclude>
    <ClInclude Include="src\game\client\C_CSPlayerPawn.h">
      <Filter>src\game\client</Filter>
    </ClInclude>
    <ClInclude Include="src\game\client\C_PlantedC4.h">
      <Filter>src\game\client</Filter>
    </ClInclude>
    <ClInclude Include="src\tier0\sigscan.h">
      <Filter>src\tier0</Filter>
    </ClInclude>
    <ClInclude Include="src\tier0\dma.h">
      <Filter>src\tier0</Filter>
    </ClInclude>
    <ClInclude Include="src\vgui\gui.h">
      <Filter>src\vgui</Filter>
    </ClInclude>
    <ClInclude Include="vendor\dx\WICTextureLoader.h">
      <Filter>vendor\dx</Filter>
    </ClInclude>
    <ClInclude Include="vendor\imgui\imconfig.h">
      <Filter>vendor\imgui</Filter>
    </ClInclude>
    <ClInclude Include="vendor\imgui\imgui.h">
      <Filter>vendor\imgui</Filter>
    </ClInclude>
    <ClInclude Include="vendor\imgui\imgui_impl_dx11.h">
      <Filter>vendor\imgui</Filter>
    </ClInclude>
    <ClInclude Include="vendor\imgui\imgui_impl_win32.h">
      <Filter>vendor\imgui</Filter>
    </ClInclude>
    <ClInclude Include="vendor\imgui\imgui_internal.h">
      <Filter>vendor\imgui</Filter>
    </ClInclude>
    <ClInclude Include="vendor\imgui\imstb_rectpack.h">
      <Filter>vendor\imgui</Filter>
    </ClInclude>
    <ClInclude Include="vendor\imgui\imstb_textedit.h">
      <Filter>vendor\imgui</Filter>
    </ClInclude>
    <ClInclude Include="vendor\imgui\imstb_truetype.h">
      <Filter>vendor\imgui</Filter>
    </ClInclude>
    <ClInclude Include="vendor\vmm\leechcore.h">
      <Filter>vendor\vmm</Filter>
    </ClInclude>
    <ClInclude Include="vendor\vmm\vmmdll.h">
      <Filter>vendor\vmm</Filter>
    </ClInclude>
  </ItemGroup>
  <ItemGroup>
    <Library Include="vendor\dx\DirectXTK.lib" />
    <Library Include="vendor\vmm\leechcore.lib" />
    <Library Include="vendor\vmm\vmm.lib" />
  </ItemGroup>
  <ItemGroup>
    <None Include="tools\AssetExtractor\extract.py" />
    <None Include="tools\AssetExtractor\README.md" />
    <None Include=".gitignore" />
    <None Include="CLAUDE.md" />
    <None Include="README.md" />
    <None Include="tools\AssetExtractor\run.bat" />
    <None Include="tools\AssetExtractor\vrf\blake3_dotnet.dll" />
    <None Include="tools\AssetExtractor\vrf\libSkiaSharp.dll" />
    <None Include="tools\AssetExtractor\vrf\Source2Viewer-CLI.exe" />
    <None Include="tools\AssetExtractor\vrf\spirv-cross.dll" />
    <None Include="tools\AssetExtractor\vrf\TinyEXRNative.dll" />
  </ItemGroup>
  <ItemGroup>
    <Text Include="tools\AssetExtractor\requirements.txt" />
  </ItemGroup>
</Project>
